
Microsoft Visual Studio Solution File, Format Version 12.00
# Visual Studio Version 17
VisualStudioVersion = 17.10.35122.118
MinimumVisualStudioVersion = 10.0.40219.1
Project("{9A19103F-16F7-4668-BE54-9A1E7A4F7556}") = "OhunIslam.WebAPI", "OhunIslam.WebAPI\OhunIslam.WebAPI.csproj", "{47EEE19D-B4D1-49FC-842E-493239D0BFDB}"
EndProject
Project("{9A19103F-16F7-4668-BE54-9A1E7A4F7556}") = "OhunIslam.Shared", "OhunIslam.Shared\OhunIslam.Shared.csproj", "{A1B2C3D4-E5F6-7890-1234-56789ABCDEF0}"
EndProject
Project("{9A19103F-16F7-4668-BE54-9A1E7A4F7556}") = "OhunIslam.Radio", "OhunIslam.Radio\OhunIslam.Radio.csproj", "{47GHT19D-A2D1-49FC-842E-493232F0BFDB}"
EndProject
Project("{2150E333-8FDC-42A3-9474-1A3956D46DE8}") = "Solution Items", "Solution Items", "{F2CA5CB6-51E3-40B4-B8CB-F65C3F469E98}"
	ProjectSection(SolutionItems) = preProject
		.gitignore = .gitignore
	EndProjectSection
EndProject
Global
	GlobalSection(SolutionConfigurationPlatforms) = preSolution
		Debug|Any CPU = Debug|Any CPU
		Release|Any CPU = Release|Any CPU
	EndGlobalSection
	GlobalSection(ProjectConfigurationPlatforms) = postSolution
		{47EEE19D-B4D1-49FC-842E-493239D0BFDB}.Debug|Any CPU.ActiveCfg = Debug|Any CPU
		{47EEE19D-B4D1-49FC-842E-493239D0BFDB}.Debug|Any CPU.Build.0 = Debug|Any CPU
		{47EEE19D-B4D1-49FC-842E-493239D0BFDB}.Release|Any CPU.ActiveCfg = Release|Any CPU
		{47EEE19D-B4D1-49FC-842E-493239D0BFDB}.Release|Any CPU.Build.0 = Release|Any CPU
		{2FD356DC-1A9B-474B-A8EE-EAF67AAD4A99}.Debug|Any CPU.ActiveCfg = Debug|Any CPU
		{2FD356DC-1A9B-474B-A8EE-EAF67AAD4A99}.Debug|Any CPU.Build.0 = Debug|Any CPU
		{2FD356DC-1A9B-474B-A8EE-EAF67AAD4A99}.Release|Any CPU.ActiveCfg = Release|Any CPU
		{2FD356DC-1A9B-474B-A8EE-EAF67AAD4A99}.Release|Any CPU.Build.0 = Release|Any CPU
		{E875A60D-1E7E-4736-99B3-5AB6BF3B6C8D}.Debug|Any CPU.ActiveCfg = Debug|Any CPU
		{E875A60D-1E7E-4736-99B3-5AB6BF3B6C8D}.Debug|Any CPU.Build.0 = Debug|Any CPU
		{E875A60D-1E7E-4736-99B3-5AB6BF3B6C8D}.Release|Any CPU.ActiveCfg = Release|Any CPU
		{E875A60D-1E7E-4736-99B3-5AB6BF3B6C8D}.Release|Any CPU.Build.0 = Release|Any CPU
	EndGlobalSection
	GlobalSection(SolutionProperties) = preSolution
		HideSolutionNode = FALSE
	EndGlobalSection
	GlobalSection(ExtensibilityGlobals) = postSolution
		SolutionGuid = {7D6E0DAB-03B6-4E17-87D8-F7083817F2BF}
	EndGlobalSection
EndGlobal
